// !$*UTF8*$!
{
	archiveVersion = 1;
	classes = {
	};
	objectVersion = 46;
	objects = {

/* Begin PBXBuildFile section */
		08F826F5AB21783BBDE355DF /* Pods_Pokedex.framework in Frameworks */ = {isa = PBXBuildFile; fileRef = 65B673931CD0BF8149DA420E /* Pods_Pokedex.framework */; };
		8D4DAC6F1DB4DC49001ABC47 /* AppDelegate.swift in Sources */ = {isa = PBXBuildFile; fileRef = 8D4DAC6E1DB4DC49001ABC47 /* AppDelegate.swift */; };
		8D4DAC711DB4DC49001ABC47 /* ViewController.swift in Sources */ = {isa = PBXBuildFile; fileRef = 8D4DAC701DB4DC49001ABC47 /* ViewController.swift */; };
		8D4DAC761DB4DC49001ABC47 /* Assets.xcassets in Resources */ = {isa = PBXBuildFile; fileRef = 8D4DAC751DB4DC49001ABC47 /* Assets.xcassets */; };
		8D4DAC791DB4DC49001ABC47 /* LaunchScreen.storyboard in Resources */ = {isa = PBXBuildFile; fileRef = 8D4DAC771DB4DC49001ABC47 /* LaunchScreen.storyboard */; };
		8D4DAC811DB4E2C6001ABC47 /* pokemon.csv in Resources */ = {isa = PBXBuildFile; fileRef = 8D4DAC801DB4E2C6001ABC47 /* pokemon.csv */; };
		8D4DAC841DB4E40D001ABC47 /* Pokemon.swift in Sources */ = {isa = PBXBuildFile; fileRef = 8D4DAC831DB4E40D001ABC47 /* Pokemon.swift */; };
		8D4DAC871DB4EED3001ABC47 /* PokeCell.swift in Sources */ = {isa = PBXBuildFile; fileRef = 8D4DAC861DB4EED3001ABC47 /* PokeCell.swift */; };
		8D4DAC891DB50854001ABC47 /* csv.swift in Sources */ = {isa = PBXBuildFile; fileRef = 8D4DAC881DB50854001ABC47 /* csv.swift */; };
		8D4DAC8E1DB51F33001ABC47 /* Pokemon.ttf in Resources */ = {isa = PBXBuildFile; fileRef = 8D4DAC8D1DB51F33001ABC47 /* Pokemon.ttf */; };
		8D4DAC901DB52170001ABC47 /* music.mp3 in Resources */ = {isa = PBXBuildFile; fileRef = 8D4DAC8F1DB52170001ABC47 /* music.mp3 */; };
		8D4DAC921DB53739001ABC47 /* PokemonDetailVC.swift in Sources */ = {isa = PBXBuildFile; fileRef = 8D4DAC911DB53739001ABC47 /* PokemonDetailVC.swift */; };
		8D4DAC951DB53C38001ABC47 /* Main.storyboard in Resources */ = {isa = PBXBuildFile; fileRef = 8D4DAC931DB53C38001ABC47 /* Main.storyboard */; };
		8DD3F9631DB64415009A464A /* Constants.swift in Sources */ = {isa = PBXBuildFile; fileRef = 8DD3F9621DB64415009A464A /* Constants.swift */; };
/* End PBXBuildFile section */

/* Begin PBXFileReference section */
		290432154E88FAD48D3D1686 /* Pods-Pokedex.release.xcconfig */ = {isa = PBXFileReference; includeInIndex = 1; lastKnownFileType = text.xcconfig; name = "Pods-Pokedex.release.xcconfig"; path = "Pods/Target Support Files/Pods-Pokedex/Pods-Pokedex.release.xcconfig"; sourceTree = "<group>"; };
		65B673931CD0BF8149DA420E /* Pods_Pokedex.framework */ = {isa = PBXFileReference; explicitFileType = wrapper.framework; includeInIndex = 0; path = Pods_Pokedex.framework; sourceTree = BUILT_PRODUCTS_DIR; };
		8D4DAC6B1DB4DC49001ABC47 /* Pokedex.app */ = {isa = PBXFileReference; explicitFileType = wrapper.application; includeInIndex = 0; path = Pokedex.app; sourceTree = BUILT_PRODUCTS_DIR; };
		8D4DAC6E1DB4DC49001ABC47 /* AppDelegate.swift */ = {isa = PBXFileReference; lastKnownFileType = sourcecode.swift; path = AppDelegate.swift; sourceTree = "<group>"; };
		8D4DAC701DB4DC49001ABC47 /* ViewController.swift */ = {isa = PBXFileReference; lastKnownFileType = sourcecode.swift; path = ViewController.swift; sourceTree = "<group>"; };
		8D4DAC751DB4DC49001ABC47 /* Assets.xcassets */ = {isa = PBXFileReference; lastKnownFileType = folder.assetcatalog; path = Assets.xcassets; sourceTree = "<group>"; };
		8D4DAC781DB4DC49001ABC47 /* Base */ = {isa = PBXFileReference; lastKnownFileType = file.storyboard; name = Base; path = Base.lproj/LaunchScreen.storyboard; sourceTree = "<group>"; };
		8D4DAC7A1DB4DC49001ABC47 /* Info.plist */ = {isa = PBXFileReference; lastKnownFileType = text.plist.xml; path = Info.plist; sourceTree = "<group>"; };
		8D4DAC801DB4E2C6001ABC47 /* pokemon.csv */ = {isa = PBXFileReference; fileEncoding = 4; lastKnownFileType = text; path = pokemon.csv; sourceTree = "<group>"; };
		8D4DAC831DB4E40D001ABC47 /* Pokemon.swift */ = {isa = PBXFileReference; fileEncoding = 4; lastKnownFileType = sourcecode.swift; path = Pokemon.swift; sourceTree = "<group>"; };
		8D4DAC861DB4EED3001ABC47 /* PokeCell.swift */ = {isa = PBXFileReference; fileEncoding = 4; lastKnownFileType = sourcecode.swift; path = PokeCell.swift; sourceTree = "<group>"; };
		8D4DAC881DB50854001ABC47 /* csv.swift */ = {isa = PBXFileReference; fileEncoding = 4; lastKnownFileType = sourcecode.swift; path = csv.swift; sourceTree = "<group>"; };
		8D4DAC8D1DB51F33001ABC47 /* Pokemon.ttf */ = {isa = PBXFileReference; lastKnownFileType = file; path = Pokemon.ttf; sourceTree = "<group>"; };
		8D4DAC8F1DB52170001ABC47 /* music.mp3 */ = {isa = PBXFileReference; lastKnownFileType = audio.mp3; path = music.mp3; sourceTree = "<group>"; };
		8D4DAC911DB53739001ABC47 /* PokemonDetailVC.swift */ = {isa = PBXFileReference; fileEncoding = 4; lastKnownFileType = sourcecode.swift; path = PokemonDetailVC.swift; sourceTree = "<group>"; };
		8D4DAC941DB53C38001ABC47 /* Base */ = {isa = PBXFileReference; lastKnownFileType = file.storyboard; name = Base; path = Base.lproj/Main.storyboard; sourceTree = "<group>"; };
		8DD3F9621DB64415009A464A /* Constants.swift */ = {isa = PBXFileReference; fileEncoding = 4; lastKnownFileType = sourcecode.swift; path = Constants.swift; sourceTree = "<group>"; };
		C3FBCF3F46F5BF036DB81C4C /* Pods-Pokedex.debug.xcconfig */ = {isa = PBXFileReference; includeInIndex = 1; lastKnownFileType = text.xcconfig; name = "Pods-Pokedex.debug.xcconfig"; path = "Pods/Target Support Files/Pods-Pokedex/Pods-Pokedex.debug.xcconfig"; sourceTree = "<group>"; };
/* End PBXFileReference section */

/* Begin PBXFrameworksBuildPhase section */
		8D4DAC681DB4DC48001ABC47 /* Frameworks */ = {
			isa = PBXFrameworksBuildPhase;
			buildActionMask = 2147483647;
			files = (
				08F826F5AB21783BBDE355DF /* Pods_Pokedex.framework in Frameworks */,
			);
			runOnlyForDeploymentPostprocessing = 0;
		};
/* End PBXFrameworksBuildPhase section */

/* Begin PBXGroup section */
		6F0DB6FE2E98554414B66CCB /* Pods */ = {
			isa = PBXGroup;
			children = (
				C3FBCF3F46F5BF036DB81C4C /* Pods-Pokedex.debug.xcconfig */,
				290432154E88FAD48D3D1686 /* Pods-Pokedex.release.xcconfig */,
			);
			name = Pods;
			sourceTree = "<group>";
		};
		8D4DAC621DB4DC48001ABC47 = {
			isa = PBXGroup;
			children = (
				8D4DAC6D1DB4DC49001ABC47 /* Pokedex */,
				8D4DAC6C1DB4DC49001ABC47 /* Products */,
				6F0DB6FE2E98554414B66CCB /* Pods */,
				E30D80052D8881C0867E8AAA /* Frameworks */,
			);
			sourceTree = "<group>";
		};
		8D4DAC6C1DB4DC49001ABC47 /* Products */ = {
			isa = PBXGroup;
			children = (
				8D4DAC6B1DB4DC49001ABC47 /* Pokedex.app */,
			);
			name = Products;
			sourceTree = "<group>";
		};
		8D4DAC6D1DB4DC49001ABC47 /* Pokedex */ = {
			isa = PBXGroup;
			children = (
				8D4DAC821DB4E3FC001ABC47 /* Model */,
				8D4DAC851DB4EEB7001ABC47 /* View */,
				8D4DAC8B1DB50872001ABC47 /* Controller */,
				8D4DAC8A1DB50865001ABC47 /* Utilities */,
				8D4DAC8C1DB5087F001ABC47 /* Ressources */,
				8D4DAC6E1DB4DC49001ABC47 /* AppDelegate.swift */,
				8D4DAC751DB4DC49001ABC47 /* Assets.xcassets */,
				8D4DAC931DB53C38001ABC47 /* Main.storyboard */,
				8D4DAC771DB4DC49001ABC47 /* LaunchScreen.storyboard */,
				8D4DAC7A1DB4DC49001ABC47 /* Info.plist */,
			);
			path = Pokedex;
			sourceTree = "<group>";
		};
		8D4DAC821DB4E3FC001ABC47 /* Model */ = {
			isa = PBXGroup;
			children = (
				8D4DAC831DB4E40D001ABC47 /* Pokemon.swift */,
			);
			name = Model;
			sourceTree = "<group>";
		};
		8D4DAC851DB4EEB7001ABC47 /* View */ = {
			isa = PBXGroup;
			children = (
				8D4DAC861DB4EED3001ABC47 /* PokeCell.swift */,
			);
			name = View;
			sourceTree = "<group>";
		};
		8D4DAC8A1DB50865001ABC47 /* Utilities */ = {
			isa = PBXGroup;
			children = (
				8D4DAC881DB50854001ABC47 /* csv.swift */,
				8DD3F9621DB64415009A464A /* Constants.swift */,
			);
			name = Utilities;
			sourceTree = "<group>";
		};
		8D4DAC8B1DB50872001ABC47 /* Controller */ = {
			isa = PBXGroup;
			children = (
				8D4DAC701DB4DC49001ABC47 /* ViewController.swift */,
				8D4DAC911DB53739001ABC47 /* PokemonDetailVC.swift */,
			);
			name = Controller;
			sourceTree = "<group>";
		};
		8D4DAC8C1DB5087F001ABC47 /* Ressources */ = {
			isa = PBXGroup;
			children = (
				8D4DAC8F1DB52170001ABC47 /* music.mp3 */,
				8D4DAC8D1DB51F33001ABC47 /* Pokemon.ttf */,
				8D4DAC801DB4E2C6001ABC47 /* pokemon.csv */,
			);
			name = Ressources;
			sourceTree = "<group>";
		};
		E30D80052D8881C0867E8AAA /* Frameworks */ = {
			isa = PBXGroup;
			children = (
				65B673931CD0BF8149DA420E /* Pods_Pokedex.framework */,
			);
			name = Frameworks;
			sourceTree = "<group>";
		};
/* End PBXGroup section */

/* Begin PBXNativeTarget section */
		8D4DAC6A1DB4DC48001ABC47 /* Pokedex */ = {
			isa = PBXNativeTarget;
			buildConfigurationList = 8D4DAC7D1DB4DC49001ABC47 /* Build configuration list for PBXNativeTarget "Pokedex" */;
			buildPhases = (
				F25066C0011240DCC373FF5B /* [CP] Check Pods Manifest.lock */,
				8D4DAC671DB4DC48001ABC47 /* Sources */,
				8D4DAC681DB4DC48001ABC47 /* Frameworks */,
				8D4DAC691DB4DC48001ABC47 /* Resources */,
				F12A2AEBD115CDC6C5BE1658 /* [CP] Embed Pods Frameworks */,
				3A355181C537ECE17D1AFE0A /* [CP] Copy Pods Resources */,
			);
			buildRules = (
			);
			dependencies = (
			);
			name = Pokedex;
			productName = Pokedex;
			productReference = 8D4DAC6B1DB4DC49001ABC47 /* Pokedex.app */;
			productType = "com.apple.product-type.application";
		};
/* End PBXNativeTarget section */

/* Begin PBXProject section */
		8D4DAC631DB4DC48001ABC47 /* Project object */ = {
			isa = PBXProject;
			attributes = {
				LastSwiftUpdateCheck = 0800;
				LastUpgradeCheck = 0800;
				ORGANIZATIONNAME = Stephan;
				TargetAttributes = {
					8D4DAC6A1DB4DC48001ABC47 = {
						CreatedOnToolsVersion = 8.0;
						DevelopmentTeam = 2PCRQN2RNW;
						ProvisioningStyle = Automatic;
					};
				};
			};
			buildConfigurationList = 8D4DAC661DB4DC48001ABC47 /* Build configuration list for PBXProject "Pokedex" */;
			compatibilityVersion = "Xcode 3.2";
			developmentRegion = English;
			hasScannedForEncodings = 0;
			knownRegions = (
				en,
				Base,
			);
			mainGroup = 8D4DAC621DB4DC48001ABC47;
			productRefGroup = 8D4DAC6C1DB4DC49001ABC47 /* Products */;
			projectDirPath = "";
			projectRoot = "";
			targets = (
				8D4DAC6A1DB4DC48001ABC47 /* Pokedex */,
			);
		};
/* End PBXProject section */

/* Begin PBXResourcesBuildPhase section */
		8D4DAC691DB4DC48001ABC47 /* Resources */ = {
			isa = PBXResourcesBuildPhase;
			buildActionMask = 2147483647;
			files = (
				8D4DAC791DB4DC49001ABC47 /* LaunchScreen.storyboard in Resources */,
				8D4DAC8E1DB51F33001ABC47 /* Pokemon.ttf in Resources */,
				8D4DAC901DB52170001ABC47 /* music.mp3 in Resources */,
				8D4DAC951DB53C38001ABC47 /* Main.storyboard in Resources */,
				8D4DAC761DB4DC49001ABC47 /* Assets.xcassets in Resources */,
				8D4DAC811DB4E2C6001ABC47 /* pokemon.csv in Resources */,
			);
			runOnlyForDeploymentPostprocessing = 0;
		};
/* End PBXResourcesBuildPhase section */

/* Begin PBXShellScriptBuildPhase section */
		3A355181C537ECE17D1AFE0A /* [CP] Copy Pods Resources */ = {
			isa = PBXShellScriptBuildPhase;
			buildActionMask = 2147483647;
			files = (
			);
			inputPaths = (
			);
			name = "[CP] Copy Pods Resources";
			outputPaths = (
			);
			runOnlyForDeploymentPostprocessing = 0;
			shellPath = /bin/sh;
			shellScript = "\"${SRCROOT}/Pods/Target Support Files/Pods-Pokedex/Pods-Pokedex-resources.sh\"\n";
			showEnvVarsInLog = 0;
		};
		F12A2AEBD115CDC6C5BE1658 /* [CP] Embed Pods Frameworks */ = {
			isa = PBXShellScriptBuildPhase;
			buildActionMask = 2147483647;
			files = (
			);
			inputPaths = (
			);
			name = "[CP] Embed Pods Frameworks";
			outputPaths = (
			);
			runOnlyForDeploymentPostprocessing = 0;
			shellPath = /bin/sh;
			shellScript = "\"${SRCROOT}/Pods/Target Support Files/Pods-Pokedex/Pods-Pokedex-frameworks.sh\"\n";
			showEnvVarsInLog = 0;
		};
		F25066C0011240DCC373FF5B /* [CP] Check Pods Manifest.lock */ = {
			isa = PBXShellScriptBuildPhase;
			buildActionMask = 2147483647;
			files = (
			);
			inputPaths = (
			);
			name = "[CP] Check Pods Manifest.lock";
			outputPaths = (
			);
			runOnlyForDeploymentPostprocessing = 0;
			shellPath = /bin/sh;
			shellScript = "diff \"${PODS_ROOT}/../Podfile.lock\" \"${PODS_ROOT}/Manifest.lock\" > /dev/null\nif [ $? != 0 ] ; then\n    # print error to STDERR\n    echo \"error: The sandbox is not in sync with the Podfile.lock. Run 'pod install' or update your CocoaPods installation.\" >&2\n    exit 1\nfi\n";
			showEnvVarsInLog = 0;
		};
/* End PBXShellScriptBuildPhase section */

/* Begin PBXSourcesBuildPhase section */
		8D4DAC671DB4DC48001ABC47 /* Sources */ = {
			isa = PBXSourcesBuildPhase;
			buildActionMask = 2147483647;
			files = (
				8D4DAC871DB4EED3001ABC47 /* PokeCell.swift in Sources */,
				8D4DAC711DB4DC49001ABC47 /* ViewController.swift in Sources */,
				8D4DAC6F1DB4DC49001ABC47 /* AppDelegate.swift in Sources */,
				8D4DAC921DB53739001ABC47 /* PokemonDetailVC.swift in Sources */,
				8DD3F9631DB64415009A464A /* Constants.swift in Sources */,
				8D4DAC841DB4E40D001ABC47 /* Pokemon.swift in Sources */,
				8D4DAC891DB50854001ABC47 /* csv.swift in Sources */,
			);
			runOnlyForDeploymentPostprocessing = 0;
		};
/* End PBXSourcesBuildPhase section */

/* Begin PBXVariantGroup section */
		8D4DAC771DB4DC49001ABC47 /* LaunchScreen.storyboard */ = {
			isa = PBXVariantGroup;
			children = (
				8D4DAC781DB4DC49001ABC47 /* Base */,
			);
			name = LaunchScreen.storyboard;
			sourceTree = "<group>";
		};
		8D4DAC931DB53C38001ABC47 /* Main.storyboard */ = {
			isa = PBXVariantGroup;
			children = (
				8D4DAC941DB53C38001ABC47 /* Base */,
			);
			name = Main.storyboard;
			sourceTree = "<group>";
		};
/* End PBXVariantGroup section */

/* Begin XCBuildConfiguration section */
		8D4DAC7B1DB4DC49001ABC47 /* Debug */ = {
			isa = XCBuildConfiguration;
			buildSettings = {
				ALWAYS_SEARCH_USER_PATHS = NO;
				CLANG_ANALYZER_NONNULL = YES;
				CLANG_CXX_LANGUAGE_STANDARD = "gnu++0x";
				CLANG_CXX_LIBRARY = "libc++";
				CLANG_ENABLE_MODULES = YES;
				CLANG_ENABLE_OBJC_ARC = YES;
				CLANG_WARN_BOOL_CONVERSION = YES;
				CLANG_WARN_CONSTANT_CONVERSION = YES;
				CLANG_WARN_DIRECT_OBJC_ISA_USAGE = YES_ERROR;
				CLANG_WARN_DOCUMENTATION_COMMENTS = YES;
				CLANG_WARN_EMPTY_BODY = YES;
				CLANG_WARN_ENUM_CONVERSION = YES;
				CLANG_WARN_INFINITE_RECURSION = YES;
				CLANG_WARN_INT_CONVERSION = YES;
				CLANG_WARN_OBJC_ROOT_CLASS = YES_ERROR;
				CLANG_WARN_SUSPICIOUS_MOVE = YES;
				CLANG_WARN_SUSPICIOUS_MOVES = YES;
				CLANG_WARN_UNREACHABLE_CODE = YES;
				CLANG_WARN__DUPLICATE_METHOD_MATCH = YES;
				"CODE_SIGN_IDENTITY[sdk=iphoneos*]" = "iPhone Developer";
				COPY_PHASE_STRIP = NO;
				DEBUG_INFORMATION_FORMAT = dwarf;
				ENABLE_STRICT_OBJC_MSGSEND = YES;
				ENABLE_TESTABILITY = YES;
				GCC_C_LANGUAGE_STANDARD = gnu99;
				GCC_DYNAMIC_NO_PIC = NO;
				GCC_NO_COMMON_BLOCKS = YES;
				GCC_OPTIMIZATION_LEVEL = 0;
				GCC_PREPROCESSOR_DEFINITIONS = (
					"DEBUG=1",
					"$(inherited)",
				);
				GCC_WARN_64_TO_32_BIT_CONVERSION = YES;
				GCC_WARN_ABOUT_RETURN_TYPE = YES_ERROR;
				GCC_WARN_UNDECLARED_SELECTOR = YES;
				GCC_WARN_UNINITIALIZED_AUTOS = YES_AGGRESSIVE;
				GCC_WARN_UNUSED_FUNCTION = YES;
				GCC_WARN_UNUSED_VARIABLE = YES;
				IPHONEOS_DEPLOYMENT_TARGET = 10.0;
				MTL_ENABLE_DEBUG_INFO = YES;
				ONLY_ACTIVE_ARCH = YES;
				SDKROOT = iphoneos;
				SWIFT_ACTIVE_COMPILATION_CONDITIONS = DEBUG;
				SWIFT_OPTIMIZATION_LEVEL = "-Onone";
				TARGETED_DEVICE_FAMILY = "1,2";
			};
			name = Debug;
		};
		8D4DAC7C1DB4DC49001ABC47 /* Release */ = {
			isa = XCBuildConfiguration;
			buildSettings = {
				ALWAYS_SEARCH_USER_PATHS = NO;
				CLANG_ANALYZER_NONNULL = YES;
				CLANG_CXX_LANGUAGE_STANDARD = "gnu++0x";
				CLANG_CXX_LIBRARY = "libc++";
				CLANG_ENABLE_MODULES = YES;
				CLANG_ENABLE_OBJC_ARC = YES;
				CLANG_WARN_BOOL_CONVERSION = YES;
				CLANG_WARN_CONSTANT_CONVERSION = YES;
				CLANG_WARN_DIRECT_OBJC_ISA_USAGE = YES_ERROR;
				CLANG_WARN_DOCUMENTATION_COMMENTS = YES;
				CLANG_WARN_EMPTY_BODY = YES;
				CLANG_WARN_ENUM_CONVERSION = YES;
				CLANG_WARN_INFINITE_RECURSION = YES;
				CLANG_WARN_INT_CONVERSION = YES;
				CLANG_WARN_OBJC_ROOT_CLASS = YES_ERROR;
				CLANG_WARN_SUSPICIOUS_MOVE = YES;
				CLANG_WARN_SUSPICIOUS_MOVES = YES;
				CLANG_WARN_UNREACHABLE_CODE = YES;
				CLANG_WARN__DUPLICATE_METHOD_MATCH = YES;
				"CODE_SIGN_IDENTITY[sdk=iphoneos*]" = "iPhone Developer";
				COPY_PHASE_STRIP = NO;
				DEBUG_INFORMATION_FORMAT = "dwarf-with-dsym";
				ENABLE_NS_ASSERTIONS = NO;
				ENABLE_STRICT_OBJC_MSGSEND = YES;
				GCC_C_LANGUAGE_STANDARD = gnu99;
				GCC_NO_COMMON_BLOCKS = YES;
				GCC_WARN_64_TO_32_BIT_CONVERSION = YES;
				GCC_WARN_ABOUT_RETURN_TYPE = YES_ERROR;
				GCC_WARN_UNDECLARED_SELECTOR = YES;
				GCC_WARN_UNINITIALIZED_AUTOS = YES_AGGRESSIVE;
				GCC_WARN_UNUSED_FUNCTION = YES;
				GCC_WARN_UNUSED_VARIABLE = YES;
				IPHONEOS_DEPLOYMENT_TARGET = 10.0;
				MTL_ENABLE_DEBUG_INFO = NO;
				SDKROOT = iphoneos;
				SWIFT_OPTIMIZATION_LEVEL = "-Owholemodule";
				TARGETED_DEVICE_FAMILY = "1,2";
				VALIDATE_PRODUCT = YES;
			};
			name = Release;
		};
		8D4DAC7E1DB4DC49001ABC47 /* Debug */ = {
			isa = XCBuildConfiguration;
			baseConfigurationReference = C3FBCF3F46F5BF036DB81C4C /* Pods-Pokedex.debug.xcconfig */;
			buildSettings = {
				ALWAYS_EMBED_SWIFT_STANDARD_LIBRARIES = YES;
				ASSETCATALOG_COMPILER_APPICON_NAME = AppIcon;
				DEVELOPMENT_TEAM = 2PCRQN2RNW;
				INFOPLIST_FILE = Pokedex/Info.plist;
				LD_RUNPATH_SEARCH_PATHS = "$(inherited) @executable_path/Frameworks";
				PRODUCT_BUNDLE_IDENTIFIER = com.Stephan.Pokedex;
				PRODUCT_NAME = "$(TARGET_NAME)";
				SWIFT_VERSION = 3.0;
			};
			name = Debug;
		};
		8D4DAC7F1DB4DC49001ABC47 /* Release */ = {
			isa = XCBuildConfiguration;
			baseConfigurationReference = 290432154E88FAD48D3D1686 /* Pods-Pokedex.release.xcconfig */;
			buildSettings = {
				ALWAYS_EMBED_SWIFT_STANDARD_LIBRARIES = YES;
				ASSETCATALOG_COMPILER_APPICON_NAME = AppIcon;
				DEVELOPMENT_TEAM = 2PCRQN2RNW;
				INFOPLIST_FILE = Pokedex/Info.plist;
				LD_RUNPATH_SEARCH_PATHS = "$(inherited) @executable_path/Frameworks";
				PRODUCT_BUNDLE_IDENTIFIER = com.Stephan.Pokedex;
				PRODUCT_NAME = "$(TARGET_NAME)";
				SWIFT_VERSION = 3.0;
			};
			name = Release;
		};
/* End XCBuildConfiguration section */

/* Begin XCConfigurationList section */
		8D4DAC661DB4DC48001ABC47 /* Build configuration list for PBXProject "Pokedex" */ = {
			isa = XCConfigurationList;
			buildConfigurations = (
				8D4DAC7B1DB4DC49001ABC47 /* Debug */,
				8D4DAC7C1DB4DC49001ABC47 /* Release */,
			);
			defaultConfigurationIsVisible = 0;
			defaultConfigurationName = Release;
		};
		8D4DAC7D1DB4DC49001ABC47 /* Build configuration list for PBXNativeTarget "Pokedex" */ = {
			isa = XCConfigurationList;
			buildConfigurations = (
				8D4DAC7E1DB4DC49001ABC47 /* Debug */,
				8D4DAC7F1DB4DC49001ABC47 /* Release */,
			);
			defaultConfigurationIsVisible = 0;
			defaultConfigurationName = Release;
		};
/* End XCConfigurationList section */
	};
	rootObject = 8D4DAC631DB4DC48001ABC47 /* Project object */;
}
